{
  "name": "webpack-plugin-test",
  "version": "1.0.0",
  "lockfileVersion": 1,
  "requires": true,
  "dependencies": {
    "@discoveryjs/json-ext": {
      "version": "0.5.6",
      "resolved": "http://npm.ztosys.com/@discoveryjs%2fjson-ext/-/json-ext-0.5.6.tgz",
      "integrity": "sha512-ws57AidsDvREKrZKYffXddNkyaF14iHNHm8VQnZH6t99E8gczjNN0GpvcGny0imC80yQ0tHz1xVUKk/KFQSUyA==",
      "dev": true
    },
    "@types/eslint": {
      "version": "8.2.2",
      "resolved": "http://npm.ztosys.com/@types%2feslint/-/eslint-8.2.2.tgz",
      "integrity": "sha512-nQxgB8/Sg+QKhnV8e0WzPpxjIGT3tuJDDzybkDi8ItE/IgTlHo07U0shaIjzhcvQxlq9SDRE42lsJ23uvEgJ2A==",
      "dev": true,
      "requires": {
        "@types/estree": "*",
        "@types/json-schema": "*"
      }
    },
    "@types/eslint-scope": {
      "version": "3.7.2",
      "resolved": "http://npm.ztosys.com/@types%2feslint-scope/-/eslint-scope-3.7.2.tgz",
      "integrity": "sha512-TzgYCWoPiTeRg6RQYgtuW7iODtVoKu3RVL72k3WohqhjfaOLK5Mg2T4Tg1o2bSfu0vPkoI48wdQFv5b/Xe04wQ==",
      "dev": true,
      "requires": {
        "@types/eslint": "*",
        "@types/estree": "*"
      }
    },
    "@types/estree": {
      "version": "0.0.50",
      "resolved": "http://npm.ztosys.com/@types%2festree/-/estree-0.0.50.tgz",
      "integrity": "sha1-Hgyqk2TT/M0pMcPtlv2+ql1MyoM=",
      "dev": true
    },
    "@types/html-minifier-terser": {
      "version": "6.1.0",
      "resolved": "http://npm.ztosys.com/@types%2fhtml-minifier-terser/-/html-minifier-terser-6.1.0.tgz",
      "integrity": "sha512-oh/6byDPnL1zeNXFrDXFLyZjkr1MsBG667IM792caf1L2UPOOMf65NFzjUH/ltyfwjAGfs1rsX1eftK0jC/KIg==",
      "dev": true
    },
    "@types/json-schema": {
      "version": "7.0.9",
      "resolved": "http://npm.ztosys.com/@types%2fjson-schema/-/json-schema-7.0.9.tgz",
      "integrity": "sha1-l+3JA36gw4WFMgsolk3eOznkZg0=",
      "dev": true
    },
    "@types/node": {
      "version": "17.0.8",
      "resolved": "http://npm.ztosys.com/@types%2fnode/-/node-17.0.8.tgz",
      "integrity": "sha512-YofkM6fGv4gDJq78g4j0mMuGMkZVxZDgtU0JRdx6FgiJDG+0fY0GKVolOV8WqVmEhLCXkQRjwDdKyPxJp/uucg==",
      "dev": true
    },
    "@webassemblyjs/ast": {
      "version": "1.11.1",
      "resolved": "http://npm.ztosys.com/@webassemblyjs%2fast/-/ast-1.11.1.tgz",
      "integrity": "sha1-K/12fq4aaZb0Mv9+jX/HVnnAtqc=",
      "dev": true,
      "requires": {
        "@webassemblyjs/helper-numbers": "1.11.1",
        "@webassemblyjs/helper-wasm-bytecode": "1.11.1"
      }
    },
    "@webassemblyjs/floating-point-hex-parser": {
      "version": "1.11.1",
      "resolved": "http://npm.ztosys.com/@webassemblyjs%2ffloating-point-hex-parser/-/floating-point-hex-parser-1.11.1.tgz",
      "integrity": "sha1-9sYacF8P16auyqToGY8j2dwXnk8=",
      "dev": true
    },
    "@webassemblyjs/helper-api-error": {
      "version": "1.11.1",
      "resolved": "http://npm.ztosys.com/@webassemblyjs%2fhelper-api-error/-/helper-api-error-1.11.1.tgz",
      "integrity": "sha1-GmMZLYeI5cASgAump6RscFKI/RY=",
      "dev": true
    },
    "@webassemblyjs/helper-buffer": {
      "version": "1.11.1",
      "resolved": "http://npm.ztosys.com/@webassemblyjs%2fhelper-buffer/-/helper-buffer-1.11.1.tgz",
      "integrity": "sha1-gyqQDrREiEzemnytRn+BUA9eWrU=",
      "dev": true
    },
    "@webassemblyjs/helper-numbers": {
      "version": "1.11.1",
      "resolved": "http://npm.ztosys.com/@webassemblyjs%2fhelper-numbers/-/helper-numbers-1.11.1.tgz",
      "integrity": "sha1-ZNgdohn7u6HjvRv8dPboxOEKYq4=",
      "dev": true,
      "requires": {
        "@webassemblyjs/floating-point-hex-parser": "1.11.1",
        "@webassemblyjs/helper-api-error": "1.11.1",
        "@xtuc/long": "4.2.2"
      }
    },
    "@webassemblyjs/helper-wasm-bytecode": {
      "version": "1.11.1",
      "resolved": "http://npm.ztosys.com/@webassemblyjs%2fhelper-wasm-bytecode/-/helper-wasm-bytecode-1.11.1.tgz",
      "integrity": "sha1-8ygkHkHnsZnQsgwY6IQpxEMyleE=",
      "dev": true
    },
    "@webassemblyjs/helper-wasm-section": {
      "version": "1.11.1",
      "resolved": "http://npm.ztosys.com/@webassemblyjs%2fhelper-wasm-section/-/helper-wasm-section-1.11.1.tgz",
      "integrity": "sha1-Ie4GWntjXzGec48N1zv72igcCXo=",
      "dev": true,
      "requires": {
        "@webassemblyjs/ast": "1.11.1",
        "@webassemblyjs/helper-buffer": "1.11.1",
        "@webassemblyjs/helper-wasm-bytecode": "1.11.1",
        "@webassemblyjs/wasm-gen": "1.11.1"
      }
    },
    "@webassemblyjs/ieee754": {
      "version": "1.11.1",
      "resolved": "http://npm.ztosys.com/@webassemblyjs%2fieee754/-/ieee754-1.11.1.tgz",
      "integrity": "sha1-ljkp6bvQVwnn4SJDoJkYCBKZJhQ=",
      "dev": true,
      "requires": {
        "@xtuc/ieee754": "^1.2.0"
      }
    },
    "@webassemblyjs/leb128": {
      "version": "1.11.1",
      "resolved": "http://npm.ztosys.com/@webassemblyjs%2fleb128/-/leb128-1.11.1.tgz",
      "integrity": "sha1-zoFLRVdOk9drrh+yZEq5zdlSeqU=",
      "dev": true,
      "requires": {
        "@xtuc/long": "4.2.2"
      }
    },
    "@webassemblyjs/utf8": {
      "version": "1.11.1",
      "resolved": "http://npm.ztosys.com/@webassemblyjs%2futf8/-/utf8-1.11.1.tgz",
      "integrity": "sha1-0fi3ZDaefG5rrjUOhU3smlnwo/8=",
      "dev": true
    },
    "@webassemblyjs/wasm-edit": {
      "version": "1.11.1",
      "resolved": "http://npm.ztosys.com/@webassemblyjs%2fwasm-edit/-/wasm-edit-1.11.1.tgz",
      "integrity": "sha1-rSBuv0v5WgWM6YgKjAksXeyBk9Y=",
      "dev": true,
      "requires": {
        "@webassemblyjs/ast": "1.11.1",
        "@webassemblyjs/helper-buffer": "1.11.1",
        "@webassemblyjs/helper-wasm-bytecode": "1.11.1",
        "@webassemblyjs/helper-wasm-section": "1.11.1",
        "@webassemblyjs/wasm-gen": "1.11.1",
        "@webassemblyjs/wasm-opt": "1.11.1",
        "@webassemblyjs/wasm-parser": "1.11.1",
        "@webassemblyjs/wast-printer": "1.11.1"
      }
    },
    "@webassemblyjs/wasm-gen": {
      "version": "1.11.1",
      "resolved": "http://npm.ztosys.com/@webassemblyjs%2fwasm-gen/-/wasm-gen-1.11.1.tgz",
      "integrity": "sha1-hsXqMEhJdZt9iMR6MvTwOa48j3Y=",
      "dev": true,
      "requires": {
        "@webassemblyjs/ast": "1.11.1",
        "@webassemblyjs/helper-wasm-bytecode": "1.11.1",
        "@webassemblyjs/ieee754": "1.11.1",
        "@webassemblyjs/leb128": "1.11.1",
        "@webassemblyjs/utf8": "1.11.1"
      }
    },
    "@webassemblyjs/wasm-opt": {
      "version": "1.11.1",
      "resolved": "http://npm.ztosys.com/@webassemblyjs%2fwasm-opt/-/wasm-opt-1.11.1.tgz",
      "integrity": "sha1-ZXtMIgL0zzs0X4pMZGHIwkGJhfI=",
      "dev": true,
      "requires": {
        "@webassemblyjs/ast": "1.11.1",
        "@webassemblyjs/helper-buffer": "1.11.1",
        "@webassemblyjs/wasm-gen": "1.11.1",
        "@webassemblyjs/wasm-parser": "1.11.1"
      }
    },
    "@webassemblyjs/wasm-parser": {
      "version": "1.11.1",
      "resolved": "http://npm.ztosys.com/@webassemblyjs%2fwasm-parser/-/wasm-parser-1.11.1.tgz",
      "integrity": "sha1-hspzRTT0F+m9PGfHocddi+QfsZk=",
      "dev": true,
      "requires": {
        "@webassemblyjs/ast": "1.11.1",
        "@webassemblyjs/helper-api-error": "1.11.1",
        "@webassemblyjs/helper-wasm-bytecode": "1.11.1",
        "@webassemblyjs/ieee754": "1.11.1",
        "@webassemblyjs/leb128": "1.11.1",
        "@webassemblyjs/utf8": "1.11.1"
      }
    },
    "@webassemblyjs/wast-printer": {
      "version": "1.11.1",
      "resolved": "http://npm.ztosys.com/@webassemblyjs%2fwast-printer/-/wast-printer-1.11.1.tgz",
      "integrity": "sha1-0Mc77ajuxUJvEK6O9VzuXnCEwvA=",
      "dev": true,
      "requires": {
        "@webassemblyjs/ast": "1.11.1",
        "@xtuc/long": "4.2.2"
      }
    },
    "@webpack-cli/configtest": {
      "version": "1.1.0",
      "resolved": "http://npm.ztosys.com/@webpack-cli%2fconfigtest/-/configtest-1.1.0.tgz",
      "integrity": "sha1-g0K+8Lrft9/TtXbyV0q4DHJb4EM=",
      "dev": true
    },
    "@webpack-cli/info": {
      "version": "1.4.0",
      "resolved": "http://npm.ztosys.com/@webpack-cli%2finfo/-/info-1.4.0.tgz",
      "integrity": "sha1-uRecMierCcu7FJqnM0dfz5lDAiM=",
      "dev": true,
      "requires": {
        "envinfo": "^7.7.3"
      }
    },
    "@webpack-cli/serve": {
      "version": "1.6.0",
      "resolved": "http://npm.ztosys.com/@webpack-cli%2fserve/-/serve-1.6.0.tgz",
      "integrity": "sha1-LCdaoFyJXszrv8NM+yI8bovVkaI=",
      "dev": true
    },
    "@xtuc/ieee754": {
      "version": "1.2.0",
      "resolved": "http://npm.ztosys.com/@xtuc%2fieee754/-/ieee754-1.2.0.tgz",
      "integrity": "sha512-DX8nKgqcGwsc0eJSqYt5lwP4DH5FlHnmuWWBRy7X0NcaGR0ZtuyeESgMwTYVEtxmsNGY+qit4QYT/MIYTOTPeA==",
      "dev": true
    },
    "@xtuc/long": {
      "version": "4.2.2",
      "resolved": "http://npm.ztosys.com/@xtuc%2flong/-/long-4.2.2.tgz",
      "integrity": "sha1-0pHGpOl5ibXGHZrPOWrk/hM6cY0=",
      "dev": true
    },
    "acorn": {
      "version": "8.7.0",
      "resolved": "http://npm.ztosys.com/acorn/-/acorn-8.7.0.tgz",
      "integrity": "sha512-V/LGr1APy+PXIwKebEWrkZPwoeoF+w1jiOBUmuxuiUIaOHtob8Qc9BTrYo7VuI5fR8tqsy+buA2WFooR5olqvQ==",
      "dev": true
    },
    "acorn-import-assertions": {
      "version": "1.8.0",
      "resolved": "http://npm.ztosys.com/acorn-import-assertions/-/acorn-import-assertions-1.8.0.tgz",
      "integrity": "sha1-uitZOc5iwjjbbZPYHJsRGym4Vek=",
      "dev": true
    },
    "ajv": {
      "version": "6.12.6",
      "resolved": "http://npm.ztosys.com/ajv/-/ajv-6.12.6.tgz",
      "integrity": "sha1-uvWmLoArB9l3A0WG+MO69a3ybfQ=",
      "dev": true,
      "requires": {
        "fast-deep-equal": "^3.1.1",
        "fast-json-stable-stringify": "^2.0.0",
        "json-schema-traverse": "^0.4.1",
        "uri-js": "^4.2.2"
      }
    },
    "ajv-keywords": {
      "version": "3.5.2",
      "resolved": "http://npm.ztosys.com/ajv-keywords/-/ajv-keywords-3.5.2.tgz",
      "integrity": "sha1-MfKdpatuANHC0yms97WSlhTVAU0=",
      "dev": true
    },
    "ansi-regex": {
      "version": "5.0.1",
      "resolved": "http://npm.ztosys.com/ansi-regex/-/ansi-regex-5.0.1.tgz",
      "integrity": "sha1-CCyyyJyf6GWaMRpTvWpNxTAdswQ=",
      "dev": true
    },
    "boolbase": {
      "version": "1.0.0",
      "resolved": "http://npm.ztosys.com/boolbase/-/boolbase-1.0.0.tgz",
      "integrity": "sha1-aN/1++YMUes3cl6p4+0xDcwed24=",
      "dev": true
    },
    "browserslist": {
      "version": "4.19.1",
      "resolved": "http://npm.ztosys.com/browserslist/-/browserslist-4.19.1.tgz",
      "integrity": "sha512-u2tbbG5PdKRTUoctO3NBD8FQ5HdPh1ZXPHzp1rwaa5jTc+RV9/+RlWiAIKmjRPQF+xbGM9Kklj5bZQFa2s/38A==",
      "dev": true,
      "requires": {
        "caniuse-lite": "^1.0.30001286",
        "electron-to-chromium": "^1.4.17",
        "escalade": "^3.1.1",
        "node-releases": "^2.0.1",
        "picocolors": "^1.0.0"
      }
    },
    "buffer-from": {
      "version": "1.1.2",
      "resolved": "http://npm.ztosys.com/buffer-from/-/buffer-from-1.1.2.tgz",
      "integrity": "sha1-KxRqb9cugLT1XSVfNe1Zo6mkG9U=",
      "dev": true
    },
    "camel-case": {
      "version": "4.1.2",
      "resolved": "http://npm.ztosys.com/camel-case/-/camel-case-4.1.2.tgz",
      "integrity": "sha1-lygHKpVPgFIoIlpt7qazhGHhvVo=",
      "dev": true,
      "requires": {
        "pascal-case": "^3.1.2",
        "tslib": "^2.0.3"
      }
    },
    "caniuse-lite": {
      "version": "1.0.30001298",
      "resolved": "http://npm.ztosys.com/caniuse-lite/-/caniuse-lite-1.0.30001298.tgz",
      "integrity": "sha512-AcKqikjMLlvghZL/vfTHorlQsLDhGRalYf1+GmWCf5SCMziSGjRYQW/JEksj14NaYHIR6KIhrFAy0HV5C25UzQ==",
      "dev": true
    },
    "chrome-trace-event": {
      "version": "1.0.3",
      "resolved": "http://npm.ztosys.com/chrome-trace-event/-/chrome-trace-event-1.0.3.tgz",
      "integrity": "sha1-EBXs7UdB4V0GZkqVfbv1DQQeJqw=",
      "dev": true
    },
    "clean-css": {
      "version": "5.2.2",
      "resolved": "http://npm.ztosys.com/clean-css/-/clean-css-5.2.2.tgz",
      "integrity": "sha1-06fG7iURAR4FFxmDi9z4MU3EVI0=",
      "dev": true,
      "requires": {
        "source-map": "~0.6.0"
      }
    },
    "clone-deep": {
      "version": "4.0.1",
      "resolved": "http://npm.ztosys.com/clone-deep/-/clone-deep-4.0.1.tgz",
      "integrity": "sha1-wZ/Zvbv4WUK0/ZechNz31fB8I4c=",
      "dev": true,
      "requires": {
        "is-plain-object": "^2.0.4",
        "kind-of": "^6.0.2",
        "shallow-clone": "^3.0.0"
      }
    },
    "colorette": {
      "version": "2.0.16",
      "resolved": "http://npm.ztosys.com/colorette/-/colorette-2.0.16.tgz",
      "integrity": "sha1-cTua+E/bAAE58EVGvUqT9ipQhdo=",
      "dev": true
    },
    "commander": {
      "version": "8.3.0",
      "resolved": "http://npm.ztosys.com/commander/-/commander-8.3.0.tgz",
      "integrity": "sha1-SDfqGy2me5xhamevuw+v7lZ7ymY=",
      "dev": true
    },
    "cross-spawn": {
      "version": "7.0.3",
      "resolved": "http://npm.ztosys.com/cross-spawn/-/cross-spawn-7.0.3.tgz",
      "integrity": "sha1-9zqFudXUHQRVUcF34ogtSshXKKY=",
      "dev": true,
      "requires": {
        "path-key": "^3.1.0",
        "shebang-command": "^2.0.0",
        "which": "^2.0.1"
      }
    },
    "css-select": {
      "version": "4.2.1",
      "resolved": "http://npm.ztosys.com/css-select/-/css-select-4.2.1.tgz",
      "integrity": "sha512-/aUslKhzkTNCQUB2qTX84lVmfia9NyjP3WpDGtj/WxhwBzWBYUV3DgUpurHTme8UTPcPlAD1DJ+b0nN/t50zDQ==",
      "dev": true,
      "requires": {
        "boolbase": "^1.0.0",
        "css-what": "^5.1.0",
        "domhandler": "^4.3.0",
        "domutils": "^2.8.0",
        "nth-check": "^2.0.1"
      }
    },
    "css-what": {
      "version": "5.1.0",
      "resolved": "http://npm.ztosys.com/css-what/-/css-what-5.1.0.tgz",
      "integrity": "sha1-P3tweq32M7r2LCzrhXm1RbtA9/4=",
      "dev": true
    },
    "dom-converter": {
      "version": "0.2.0",
      "resolved": "http://npm.ztosys.com/dom-converter/-/dom-converter-0.2.0.tgz",
      "integrity": "sha512-gd3ypIPfOMr9h5jIKq8E3sHOTCjeirnl0WK5ZdS1AW0Odt0b1PaWaHdJ4Qk4klv+YB9aJBS7mESXjFoDQPu6DA==",
      "dev": true,
      "requires": {
        "utila": "~0.4"
      }
    },
    "dom-serializer": {
      "version": "1.3.2",
      "resolved": "http://npm.ztosys.com/dom-serializer/-/dom-serializer-1.3.2.tgz",
      "integrity": "sha1-YgZDfTLO767HFhgDIwx6ILwbTZE=",
      "dev": true,
      "requires": {
        "domelementtype": "^2.0.1",
        "domhandler": "^4.2.0",
        "entities": "^2.0.0"
      }
    },
    "domelementtype": {
      "version": "2.2.0",
      "resolved": "http://npm.ztosys.com/domelementtype/-/domelementtype-2.2.0.tgz",
      "integrity": "sha1-mgtsJ4LtahxzI9QiZxg9+b2LHVc=",
      "dev": true
    },
    "domhandler": {
      "version": "4.3.0",
      "resolved": "http://npm.ztosys.com/domhandler/-/domhandler-4.3.0.tgz",
      "integrity": "sha512-fC0aXNQXqKSFTr2wDNZDhsEYjCiYsDWl3D01kwt25hm1YIPyDGHvvi3rw+PLqHAl/m71MaiF7d5zvBr0p5UB2g==",
      "dev": true,
      "requires": {
        "domelementtype": "^2.2.0"
      }
    },
    "domutils": {
      "version": "2.8.0",
      "resolved": "http://npm.ztosys.com/domutils/-/domutils-2.8.0.tgz",
      "integrity": "sha1-RDfe9dtuLR9dbuhZvZXKfQIEgTU=",
      "dev": true,
      "requires": {
        "dom-serializer": "^1.0.1",
        "domelementtype": "^2.2.0",
        "domhandler": "^4.2.0"
      }
    },
    "dot-case": {
      "version": "3.0.4",
      "resolved": "http://npm.ztosys.com/dot-case/-/dot-case-3.0.4.tgz",
      "integrity": "sha1-mytnDQCkMWZ6inW6Kc0bmICc51E=",
      "dev": true,
      "requires": {
        "no-case": "^3.0.4",
        "tslib": "^2.0.3"
      }
    },
    "electron-to-chromium": {
      "version": "1.4.38",
      "resolved": "http://npm.ztosys.com/electron-to-chromium/-/electron-to-chromium-1.4.38.tgz",
      "integrity": "sha512-WhHt3sZazKj0KK/UpgsbGQnUUoFeAHVishzHFExMxagpZgjiGYSC9S0ZlbhCfSH2L2i+2A1yyqOIliTctMx7KQ==",
      "dev": true
    },
    "enhanced-resolve": {
      "version": "5.8.3",
      "resolved": "http://npm.ztosys.com/enhanced-resolve/-/enhanced-resolve-5.8.3.tgz",
      "integrity": "sha1-bVUtRlzOBCP1s9cYUR6lOCansvA=",
      "dev": true,
      "requires": {
        "graceful-fs": "^4.2.4",
        "tapable": "^2.2.0"
      }
    },
    "entities": {
      "version": "2.2.0",
      "resolved": "http://npm.ztosys.com/entities/-/entities-2.2.0.tgz",
      "integrity": "sha1-CY3JDruD2N/6CJ1VJWs1HTTE2lU=",
      "dev": true
    },
    "envinfo": {
      "version": "7.8.1",
      "resolved": "http://npm.ztosys.com/envinfo/-/envinfo-7.8.1.tgz",
      "integrity": "sha1-Bjd+Pl9NN5/qesWS1a2JJ+DE1HU=",
      "dev": true
    },
    "es-module-lexer": {
      "version": "0.9.3",
      "resolved": "http://npm.ztosys.com/es-module-lexer/-/es-module-lexer-0.9.3.tgz",
      "integrity": "sha1-bxPbAMw4QXE32vdDZvU1yOtDjxk=",
      "dev": true
    },
    "escalade": {
      "version": "3.1.1",
      "resolved": "http://npm.ztosys.com/escalade/-/escalade-3.1.1.tgz",
      "integrity": "sha1-2M/ccACWXFoBdLSoLqpcBVJ0LkA=",
      "dev": true
    },
    "eslint-scope": {
      "version": "5.1.1",
      "resolved": "http://npm.ztosys.com/eslint-scope/-/eslint-scope-5.1.1.tgz",
      "integrity": "sha1-54blmmbLkrP2wfsNUIqrF0hI9Iw=",
      "dev": true,
      "requires": {
        "esrecurse": "^4.3.0",
        "estraverse": "^4.1.1"
      }
    },
    "esrecurse": {
      "version": "4.3.0",
      "resolved": "http://npm.ztosys.com/esrecurse/-/esrecurse-4.3.0.tgz",
      "integrity": "sha1-eteWTWeauyi+5yzsY3WLHF0smSE=",
      "dev": true,
      "requires": {
        "estraverse": "^5.2.0"
      },
      "dependencies": {
        "estraverse": {
          "version": "5.3.0",
          "resolved": "http://npm.ztosys.com/estraverse/-/estraverse-5.3.0.tgz",
          "integrity": "sha1-LupSkHAvJquP5TcDcP+GyWXSESM=",
          "dev": true
        }
      }
    },
    "estraverse": {
      "version": "4.3.0",
      "resolved": "http://npm.ztosys.com/estraverse/-/estraverse-4.3.0.tgz",
      "integrity": "sha1-OYrT88WiSUi+dyXoPRGn3ijNvR0=",
      "dev": true
    },
    "events": {
      "version": "3.3.0",
      "resolved": "http://npm.ztosys.com/events/-/events-3.3.0.tgz",
      "integrity": "sha1-Mala0Kkk4tLEGagTrrLE6HjqdAA=",
      "dev": true
    },
    "execa": {
      "version": "5.1.1",
      "resolved": "http://npm.ztosys.com/execa/-/execa-5.1.1.tgz",
      "integrity": "sha1-+ArZy/Qpj3vR1MlVXCHpN0HEEd0=",
      "dev": true,
      "requires": {
        "cross-spawn": "^7.0.3",
        "get-stream": "^6.0.0",
        "human-signals": "^2.1.0",
        "is-stream": "^2.0.0",
        "merge-stream": "^2.0.0",
        "npm-run-path": "^4.0.1",
        "onetime": "^5.1.2",
        "signal-exit": "^3.0.3",
        "strip-final-newline": "^2.0.0"
      }
    },
    "fast-deep-equal": {
      "version": "3.1.3",
      "resolved": "http://npm.ztosys.com/fast-deep-equal/-/fast-deep-equal-3.1.3.tgz",
      "integrity": "sha1-On1WtVnWy8PrUSMlJE5hmmXGxSU=",
      "dev": true
    },
    "fast-json-stable-stringify": {
      "version": "2.1.0",
      "resolved": "http://npm.ztosys.com/fast-json-stable-stringify/-/fast-json-stable-stringify-2.1.0.tgz",
      "integrity": "sha1-h0v2nG9ATCtdmcSBNBOZ/VWJJjM=",
      "dev": true
    },
    "fastest-levenshtein": {
      "version": "1.0.12",
      "resolved": "http://npm.ztosys.com/fastest-levenshtein/-/fastest-levenshtein-1.0.12.tgz",
      "integrity": "sha1-mZD306iMxan/0fF0V0UlFwDUl+I=",
      "dev": true
    },
    "find-up": {
      "version": "4.1.0",
      "resolved": "http://npm.ztosys.com/find-up/-/find-up-4.1.0.tgz",
      "integrity": "sha1-l6/n1s3AvFkoWEt8jXsW6KmqXRk=",
      "dev": true,
      "requires": {
        "locate-path": "^5.0.0",
        "path-exists": "^4.0.0"
      }
    },
    "function-bind": {
      "version": "1.1.1",
      "resolved": "http://npm.ztosys.com/function-bind/-/function-bind-1.1.1.tgz",
      "integrity": "sha512-yIovAzMX49sF8Yl58fSCWJ5svSLuaibPxXQJFLmBObTuCr0Mf1KiPopGM9NiFjiYBCbfaa2Fh6breQ6ANVTI0A==",
      "dev": true
    },
    "get-stream": {
      "version": "6.0.1",
      "resolved": "http://npm.ztosys.com/get-stream/-/get-stream-6.0.1.tgz",
      "integrity": "sha1-omLY7vZ6ztV8KFKtYWdSakPL97c=",
      "dev": true
    },
    "glob-to-regexp": {
      "version": "0.4.1",
      "resolved": "http://npm.ztosys.com/glob-to-regexp/-/glob-to-regexp-0.4.1.tgz",
      "integrity": "sha1-x1KXCHyFG5pXi9IX3VmpL1n+VG4=",
      "dev": true
    },
    "graceful-fs": {
      "version": "4.2.9",
      "resolved": "http://npm.ztosys.com/graceful-fs/-/graceful-fs-4.2.9.tgz",
      "integrity": "sha512-NtNxqUcXgpW2iMrfqSfR73Glt39K+BLwWsPs94yR63v45T0Wbej7eRmL5cWfwEgqXnmjQp3zaJTshdRW/qC2ZQ==",
      "dev": true
    },
    "has": {
      "version": "1.0.3",
      "resolved": "http://npm.ztosys.com/has/-/has-1.0.3.tgz",
      "integrity": "sha512-f2dvO0VU6Oej7RkWJGrehjbzMAjFp5/VKPp5tTpWIV4JHHZK1/BxbFRtf/siA2SWTe09caDmVtYYzWEIbBS4zw==",
      "dev": true,
      "requires": {
        "function-bind": "^1.1.1"
      }
    },
    "has-flag": {
      "version": "4.0.0",
      "resolved": "http://npm.ztosys.com/has-flag/-/has-flag-4.0.0.tgz",
      "integrity": "sha1-lEdx/ZyByBJlxNaUGGDaBrtZR5s=",
      "dev": true
    },
    "he": {
      "version": "1.2.0",
      "resolved": "http://npm.ztosys.com/he/-/he-1.2.0.tgz",
      "integrity": "sha512-F/1DnUGPopORZi0ni+CvrCgHQ5FyEAHRLSApuYWMmrbSwoN2Mn/7k+Gl38gJnR7yyDZk6WLXwiGod1JOWNDKGw==",
      "dev": true
    },
    "html-minifier-terser": {
      "version": "6.1.0",
      "resolved": "http://npm.ztosys.com/html-minifier-terser/-/html-minifier-terser-6.1.0.tgz",
      "integrity": "sha1-v8gYk0zAeRj2s2afV3Ts39SPMqs=",
      "dev": true,
      "requires": {
        "camel-case": "^4.1.2",
        "clean-css": "^5.2.2",
        "commander": "^8.3.0",
        "he": "^1.2.0",
        "param-case": "^3.0.4",
        "relateurl": "^0.2.7",
        "terser": "^5.10.0"
      }
    },
    "html-webpack-plugin": {
      "version": "5.5.0",
      "resolved": "http://npm.ztosys.com/html-webpack-plugin/-/html-webpack-plugin-5.5.0.tgz",
      "integrity": "sha1-w5EZNvV2gcH59Ni2jBWM2d/lL1A=",
      "dev": true,
      "requires": {
        "@types/html-minifier-terser": "^6.0.0",
        "html-minifier-terser": "^6.0.2",
        "lodash": "^4.17.21",
        "pretty-error": "^4.0.0",
        "tapable": "^2.0.0"
      }
    },
    "htmlparser2": {
      "version": "6.1.0",
      "resolved": "http://npm.ztosys.com/htmlparser2/-/htmlparser2-6.1.0.tgz",
      "integrity": "sha1-xNditsM3GgXb5l6UrkOp+EX7j7c=",
      "dev": true,
      "requires": {
        "domelementtype": "^2.0.1",
        "domhandler": "^4.0.0",
        "domutils": "^2.5.2",
        "entities": "^2.0.0"
      }
    },
    "human-signals": {
      "version": "2.1.0",
      "resolved": "http://npm.ztosys.com/human-signals/-/human-signals-2.1.0.tgz",
      "integrity": "sha1-3JH8ukLk0G5Kuu0zs+ejwC9RTqA=",
      "dev": true
    },
    "import-local": {
      "version": "3.1.0",
      "resolved": "http://npm.ztosys.com/import-local/-/import-local-3.1.0.tgz",
      "integrity": "sha512-ASB07uLtnDs1o6EHjKpX34BKYDSqnFerfTOJL2HvMqF70LnxpjkzDB8J44oT9pu4AMPkQwf8jl6szgvNd2tRIg==",
      "dev": true,
      "requires": {
        "pkg-dir": "^4.2.0",
        "resolve-cwd": "^3.0.0"
      }
    },
    "interpret": {
      "version": "2.2.0",
      "resolved": "http://npm.ztosys.com/interpret/-/interpret-2.2.0.tgz",
      "integrity": "sha1-GnigtZZcQKVBbQB61vUK0nxBffk=",
      "dev": true
    },
    "is-core-module": {
      "version": "2.8.1",
      "resolved": "http://npm.ztosys.com/is-core-module/-/is-core-module-2.8.1.tgz",
      "integrity": "sha512-SdNCUs284hr40hFTFP6l0IfZ/RSrMXF3qgoRHd3/79unUTvrFO/JoXwkGm+5J/Oe3E/b5GsnG330uUNgRpu1PA==",
      "dev": true,
      "requires": {
        "has": "^1.0.3"
      }
    },
    "is-plain-object": {
      "version": "2.0.4",
      "resolved": "http://npm.ztosys.com/is-plain-object/-/is-plain-object-2.0.4.tgz",
      "integrity": "sha512-h5PpgXkWitc38BBMYawTYMWJHFZJVnBquFE57xFpjB8pJFiF6gZ+bU+WyI/yqXiFR5mdLsgYNaPe8uao6Uv9Og==",
      "dev": true,
      "requires": {
        "isobject": "^3.0.1"
      }
    },
    "is-stream": {
      "version": "2.0.1",
      "resolved": "http://npm.ztosys.com/is-stream/-/is-stream-2.0.1.tgz",
      "integrity": "sha1-+sHj1TuXrVqdCunO8jifWBClwHc=",
      "dev": true
    },
    "isexe": {
      "version": "2.0.0",
      "resolved": "http://npm.ztosys.com/isexe/-/isexe-2.0.0.tgz",
      "integrity": "sha1-6PvzdNxVb/iUehDcsFctYz8s+hA=",
      "dev": true
    },
    "isobject": {
      "version": "3.0.1",
      "resolved": "http://npm.ztosys.com/isobject/-/isobject-3.0.1.tgz",
      "integrity": "sha1-TkMekrEalzFjaqH5yNHMvP2reN8=",
      "dev": true
    },
    "jest-worker": {
      "version": "27.4.6",
      "resolved": "http://npm.ztosys.com/jest-worker/-/jest-worker-27.4.6.tgz",
      "integrity": "sha512-gHWJF/6Xi5CTG5QCvROr6GcmpIqNYpDJyc8A1h/DyXqH1tD6SnRCM0d3U5msV31D2LB/U+E0M+W4oyvKV44oNw==",
      "dev": true,
      "requires": {
        "@types/node": "*",
        "merge-stream": "^2.0.0",
        "supports-color": "^8.0.0"
      }
    },
    "json-parse-better-errors": {
      "version": "1.0.2",
      "resolved": "http://npm.ztosys.com/json-parse-better-errors/-/json-parse-better-errors-1.0.2.tgz",
      "integrity": "sha512-mrqyZKfX5EhL7hvqcV6WG1yYjnjeuYDzDhhcAAUrq8Po85NBQBJP+ZDUT75qZQ98IkUoBqdkExkukOU7Ts2wrw==",
      "dev": true
    },
    "json-schema-traverse": {
      "version": "0.4.1",
      "resolved": "http://npm.ztosys.com/json-schema-traverse/-/json-schema-traverse-0.4.1.tgz",
      "integrity": "sha512-xbbCH5dCYU5T8LcEhhuh7HJ88HXuW3qsI3Y0zOZFKfZEHcpWiHU/Jxzk629Brsab/mMiHQti9wMP+845RPe3Vg==",
      "dev": true
    },
    "kind-of": {
      "version": "6.0.3",
      "resolved": "http://npm.ztosys.com/kind-of/-/kind-of-6.0.3.tgz",
      "integrity": "sha1-B8BQNKbDSfoG4k+jWqdttFgM5N0=",
      "dev": true
    },
    "loader-runner": {
      "version": "4.2.0",
      "resolved": "http://npm.ztosys.com/loader-runner/-/loader-runner-4.2.0.tgz",
      "integrity": "sha1-1wIjgNZtFMX7HUlriYZOvP1Hg4Q=",
      "dev": true
    },
    "locate-path": {
      "version": "5.0.0",
      "resolved": "http://npm.ztosys.com/locate-path/-/locate-path-5.0.0.tgz",
      "integrity": "sha1-Gvujlq/WdqbUJQTQpno6frn2KqA=",
      "dev": true,
      "requires": {
        "p-locate": "^4.1.0"
      }
    },
    "lodash": {
      "version": "4.17.21",
      "resolved": "http://npm.ztosys.com/lodash/-/lodash-4.17.21.tgz",
      "integrity": "sha1-Z5WRxWTDv/quhFTPCz3zcMPWkRw=",
      "dev": true
    },
    "lower-case": {
      "version": "2.0.2",
      "resolved": "http://npm.ztosys.com/lower-case/-/lower-case-2.0.2.tgz",
      "integrity": "sha1-b6I3xj29xKgsoP2ILkci3F5jTig=",
      "dev": true,
      "requires": {
        "tslib": "^2.0.3"
      }
    },
    "merge-stream": {
      "version": "2.0.0",
      "resolved": "http://npm.ztosys.com/merge-stream/-/merge-stream-2.0.0.tgz",
      "integrity": "sha1-UoI2KaFN0AyXcPtq1H3GMQ8sH2A=",
      "dev": true
    },
    "mime-db": {
      "version": "1.51.0",
      "resolved": "http://npm.ztosys.com/mime-db/-/mime-db-1.51.0.tgz",
      "integrity": "sha1-2f9iRRhZsYNC2WCFDcPPt35j+ww=",
      "dev": true
    },
    "mime-types": {
      "version": "2.1.34",
      "resolved": "http://npm.ztosys.com/mime-types/-/mime-types-2.1.34.tgz",
      "integrity": "sha1-WnEvnsFQNRGpRYA2QPr+CdN5PCQ=",
      "dev": true,
      "requires": {
        "mime-db": "1.51.0"
      }
    },
    "mimic-fn": {
      "version": "2.1.0",
      "resolved": "http://npm.ztosys.com/mimic-fn/-/mimic-fn-2.1.0.tgz",
      "integrity": "sha1-ftLCzMyvhNP/y3pptXcR/CCDQBs=",
      "dev": true
    },
    "neo-async": {
      "version": "2.6.2",
      "resolved": "http://npm.ztosys.com/neo-async/-/neo-async-2.6.2.tgz",
      "integrity": "sha1-tKr7k+OustgXTKU88WOrfXMIMF8=",
      "dev": true
    },
    "no-case": {
      "version": "3.0.4",
      "resolved": "http://npm.ztosys.com/no-case/-/no-case-3.0.4.tgz",
      "integrity": "sha1-02H9XJgA9VhVGoNp/A3NRmK2Ek0=",
      "dev": true,
      "requires": {
        "lower-case": "^2.0.2",
        "tslib": "^2.0.3"
      }
    },
    "node-releases": {
      "version": "2.0.1",
      "resolved": "http://npm.ztosys.com/node-releases/-/node-releases-2.0.1.tgz",
      "integrity": "sha1-PR05XyBPHy8ppUNYuftnh2WtL8U=",
      "dev": true
    },
    "npm-run-path": {
      "version": "4.0.1",
      "resolved": "http://npm.ztosys.com/npm-run-path/-/npm-run-path-4.0.1.tgz",
      "integrity": "sha1-t+zR5e1T2o43pV4cImnguX7XSOo=",
      "dev": true,
      "requires": {
        "path-key": "^3.0.0"
      }
    },
    "nth-check": {
      "version": "2.0.1",
      "resolved": "http://npm.ztosys.com/nth-check/-/nth-check-2.0.1.tgz",
      "integrity": "sha1-Lv4WL1w9oGoolZ+9PbddvuqfD8I=",
      "dev": true,
      "requires": {
        "boolbase": "^1.0.0"
      }
    },
    "onetime": {
      "version": "5.1.2",
      "resolved": "http://npm.ztosys.com/onetime/-/onetime-5.1.2.tgz",
      "integrity": "sha1-0Oluu1awdHbfHdnEgG5SN5hcpF4=",
      "dev": true,
      "requires": {
        "mimic-fn": "^2.1.0"
      }
    },
    "p-limit": {
      "version": "2.3.0",
      "resolved": "http://npm.ztosys.com/p-limit/-/p-limit-2.3.0.tgz",
      "integrity": "sha1-PdM8ZHohT9//2DWTPrCG2g3CHbE=",
      "dev": true,
      "requires": {
        "p-try": "^2.0.0"
      }
    },
    "p-locate": {
      "version": "4.1.0",
      "resolved": "http://npm.ztosys.com/p-locate/-/p-locate-4.1.0.tgz",
      "integrity": "sha1-o0KLtwiLOmApL2aRkni3wpetTwc=",
      "dev": true,
      "requires": {
        "p-limit": "^2.2.0"
      }
    },
    "p-try": {
      "version": "2.2.0",
      "resolved": "http://npm.ztosys.com/p-try/-/p-try-2.2.0.tgz",
      "integrity": "sha1-yyhoVA4xPWHeWPr741zpAE1VQOY=",
      "dev": true
    },
    "param-case": {
      "version": "3.0.4",
      "resolved": "http://npm.ztosys.com/param-case/-/param-case-3.0.4.tgz",
      "integrity": "sha1-fRf+SqEr3jTUp32RrPtiGcqtAcU=",
      "dev": true,
      "requires": {
        "dot-case": "^3.0.4",
        "tslib": "^2.0.3"
      }
    },
    "pascal-case": {
      "version": "3.1.2",
      "resolved": "http://npm.ztosys.com/pascal-case/-/pascal-case-3.1.2.tgz",
      "integrity": "sha1-tI4O8rmOIF58Ha50fQsVCCN2YOs=",
      "dev": true,
      "requires": {
        "no-case": "^3.0.4",
        "tslib": "^2.0.3"
      }
    },
    "path-exists": {
      "version": "4.0.0",
      "resolved": "http://npm.ztosys.com/path-exists/-/path-exists-4.0.0.tgz",
      "integrity": "sha1-UTvb4tO5XXdi6METfvoZXGxhtbM=",
      "dev": true
    },
    "path-key": {
      "version": "3.1.1",
      "resolved": "http://npm.ztosys.com/path-key/-/path-key-3.1.1.tgz",
      "integrity": "sha1-WB9q3mWMu6ZaDTOA3ndTKVBU83U=",
      "dev": true
    },
    "path-parse": {
      "version": "1.0.7",
      "resolved": "http://npm.ztosys.com/path-parse/-/path-parse-1.0.7.tgz",
      "integrity": "sha1-+8EUtgykKzDZ2vWFjkvWi77bZzU=",
      "dev": true
    },
    "picocolors": {
      "version": "1.0.0",
      "resolved": "http://npm.ztosys.com/picocolors/-/picocolors-1.0.0.tgz",
      "integrity": "sha1-y1vcdP8/UYkiNur3nWi8RFZKuBw=",
      "dev": true
    },
    "pkg-dir": {
      "version": "4.2.0",
      "resolved": "http://npm.ztosys.com/pkg-dir/-/pkg-dir-4.2.0.tgz",
      "integrity": "sha1-8JkTPfft5CLoHR2ESCcO6z5CYfM=",
      "dev": true,
      "requires": {
        "find-up": "^4.0.0"
      }
    },
    "pretty-error": {
      "version": "4.0.0",
      "resolved": "http://npm.ztosys.com/pretty-error/-/pretty-error-4.0.0.tgz",
      "integrity": "sha1-kKcD9G3XI0rbRtD4SCPp0cuPENY=",
      "dev": true,
      "requires": {
        "lodash": "^4.17.20",
        "renderkid": "^3.0.0"
      }
    },
    "punycode": {
      "version": "2.1.1",
      "resolved": "http://npm.ztosys.com/punycode/-/punycode-2.1.1.tgz",
      "integrity": "sha512-XRsRjdf+j5ml+y/6GKHPZbrF/8p2Yga0JPtdqTIY2Xe5ohJPD9saDJJLPvp9+NSBprVvevdXZybnj2cv8OEd0A==",
      "dev": true
    },
    "randombytes": {
      "version": "2.1.0",
      "resolved": "http://npm.ztosys.com/randombytes/-/randombytes-2.1.0.tgz",
      "integrity": "sha1-32+ENy8CcNxlzfYpE0mrekc9Tyo=",
      "dev": true,
      "requires": {
        "safe-buffer": "^5.1.0"
      }
    },
    "rechoir": {
      "version": "0.7.1",
      "resolved": "http://npm.ztosys.com/rechoir/-/rechoir-0.7.1.tgz",
      "integrity": "sha1-lHipahyhNbXoj8An8D7pLWxkVoY=",
      "dev": true,
      "requires": {
        "resolve": "^1.9.0"
      }
    },
    "relateurl": {
      "version": "0.2.7",
      "resolved": "http://npm.ztosys.com/relateurl/-/relateurl-0.2.7.tgz",
      "integrity": "sha1-VNvzd+UUQKypCkzSdGANP/LYiKk=",
      "dev": true
    },
    "renderkid": {
      "version": "3.0.0",
      "resolved": "http://npm.ztosys.com/renderkid/-/renderkid-3.0.0.tgz",
      "integrity": "sha1-X9gj5NaVHTc1jsyaWLHwaDa2Joo=",
      "dev": true,
      "requires": {
        "css-select": "^4.1.3",
        "dom-converter": "^0.2.0",
        "htmlparser2": "^6.1.0",
        "lodash": "^4.17.21",
        "strip-ansi": "^6.0.1"
      }
    },
    "resolve": {
      "version": "1.21.0",
      "resolved": "http://npm.ztosys.com/resolve/-/resolve-1.21.0.tgz",
      "integrity": "sha512-3wCbTpk5WJlyE4mSOtDLhqQmGFi0/TD9VPwmiolnk8U0wRgMEktqCXd3vy5buTO3tljvalNvKrjHEfrd2WpEKA==",
      "dev": true,
      "requires": {
        "is-core-module": "^2.8.0",
        "path-parse": "^1.0.7",
        "supports-preserve-symlinks-flag": "^1.0.0"
      }
    },
    "resolve-cwd": {
      "version": "3.0.0",
      "resolved": "http://npm.ztosys.com/resolve-cwd/-/resolve-cwd-3.0.0.tgz",
      "integrity": "sha1-DwB18bslRHZs9zumpuKt/ryxPy0=",
      "dev": true,
      "requires": {
        "resolve-from": "^5.0.0"
      }
    },
    "resolve-from": {
      "version": "5.0.0",
      "resolved": "http://npm.ztosys.com/resolve-from/-/resolve-from-5.0.0.tgz",
      "integrity": "sha1-w1IlhD3493bfIcV1V7wIfp39/Gk=",
      "dev": true
    },
    "safe-buffer": {
      "version": "5.2.1",
      "resolved": "http://npm.ztosys.com/safe-buffer/-/safe-buffer-5.2.1.tgz",
      "integrity": "sha1-Hq+fqb2x/dTsdfWPnNtOa3gn7sY=",
      "dev": true
    },
    "schema-utils": {
      "version": "3.1.1",
      "resolved": "http://npm.ztosys.com/schema-utils/-/schema-utils-3.1.1.tgz",
      "integrity": "sha1-vHTEtraZXB2I92qLd76nIZ4MgoE=",
      "dev": true,
      "requires": {
        "@types/json-schema": "^7.0.8",
        "ajv": "^6.12.5",
        "ajv-keywords": "^3.5.2"
      }
    },
    "serialize-javascript": {
      "version": "6.0.0",
      "resolved": "http://npm.ztosys.com/serialize-javascript/-/serialize-javascript-6.0.0.tgz",
      "integrity": "sha1-765diPRdeSQUHai1w6en5mP+/rg=",
      "dev": true,
      "requires": {
        "randombytes": "^2.1.0"
      }
    },
    "shallow-clone": {
      "version": "3.0.1",
      "resolved": "http://npm.ztosys.com/shallow-clone/-/shallow-clone-3.0.1.tgz",
      "integrity": "sha1-jymBrZJTH1UDWwH7IwdppA4C76M=",
      "dev": true,
      "requires": {
        "kind-of": "^6.0.2"
      }
    },
    "shebang-command": {
      "version": "2.0.0",
      "resolved": "http://npm.ztosys.com/shebang-command/-/shebang-command-2.0.0.tgz",
      "integrity": "sha1-zNCvT4g1+9wmW4JGGq8MNmY/NOo=",
      "dev": true,
      "requires": {
        "shebang-regex": "^3.0.0"
      }
    },
    "shebang-regex": {
      "version": "3.0.0",
      "resolved": "http://npm.ztosys.com/shebang-regex/-/shebang-regex-3.0.0.tgz",
      "integrity": "sha1-rhbxZE2HPsrYQ7AwexQzYtTEIXI=",
      "dev": true
    },
    "signal-exit": {
      "version": "3.0.6",
      "resolved": "http://npm.ztosys.com/signal-exit/-/signal-exit-3.0.6.tgz",
      "integrity": "sha1-JOYwxLDwP+pEaivSmeYrSmyo0K8=",
      "dev": true
    },
    "source-map": {
      "version": "0.6.1",
      "resolved": "http://npm.ztosys.com/source-map/-/source-map-0.6.1.tgz",
      "integrity": "sha512-UjgapumWlbMhkBgzT7Ykc5YXUT46F0iKu8SGXq0bcwP5dz/h0Plj6enJqjz1Zbq2l5WaqYnrVbwWOWMyF3F47g==",
      "dev": true
    },
    "source-map-support": {
      "version": "0.5.21",
      "resolved": "http://npm.ztosys.com/source-map-support/-/source-map-support-0.5.21.tgz",
      "integrity": "sha1-BP58f54e0tZiIzwoyys1ufY/bk8=",
      "dev": true,
      "requires": {
        "buffer-from": "^1.0.0",
        "source-map": "^0.6.0"
      }
    },
    "strip-ansi": {
      "version": "6.0.1",
      "resolved": "http://npm.ztosys.com/strip-ansi/-/strip-ansi-6.0.1.tgz",
      "integrity": "sha1-nibGPTD1NEPpSJSVshBdN7Z6hdk=",
      "dev": true,
      "requires": {
        "ansi-regex": "^5.0.1"
      }
    },
    "strip-final-newline": {
      "version": "2.0.0",
      "resolved": "http://npm.ztosys.com/strip-final-newline/-/strip-final-newline-2.0.0.tgz",
      "integrity": "sha1-ibhS+y/L6Tb29LMYevsKEsGrWK0=",
      "dev": true
    },
    "supports-color": {
      "version": "8.1.1",
      "resolved": "http://npm.ztosys.com/supports-color/-/supports-color-8.1.1.tgz",
      "integrity": "sha1-zW/BfihQDP9WwbhsCn/UpUpzAFw=",
      "dev": true,
      "requires": {
        "has-flag": "^4.0.0"
      }
    },
    "supports-preserve-symlinks-flag": {
      "version": "1.0.0",
      "resolved": "http://npm.ztosys.com/supports-preserve-symlinks-flag/-/supports-preserve-symlinks-flag-1.0.0.tgz",
      "integrity": "sha512-ot0WnXS9fgdkgIcePe6RHNk1WA8+muPa6cSjeR3V8K27q9BB1rTE3R1p7Hv0z1ZyAc8s6Vvv8DIyWf681MAt0w==",
      "dev": true
    },
    "tapable": {
      "version": "2.2.1",
      "resolved": "http://npm.ztosys.com/tapable/-/tapable-2.2.1.tgz",
      "integrity": "sha1-GWenPvQGCoLxKrlq+G1S/bdu7KA=",
      "dev": true
    },
    "terser": {
      "version": "5.10.0",
      "resolved": "http://npm.ztosys.com/terser/-/terser-5.10.0.tgz",
      "integrity": "sha1-uGOQgJwDiRBesKC2I5dWMJbdr8w=",
      "dev": true,
      "requires": {
        "commander": "^2.20.0",
        "source-map": "~0.7.2",
        "source-map-support": "~0.5.20"
      },
      "dependencies": {
        "commander": {
          "version": "2.20.3",
          "resolved": "http://npm.ztosys.com/commander/-/commander-2.20.3.tgz",
          "integrity": "sha1-/UhehMA+tIgcIHIrpIA16FMa6zM=",
          "dev": true
        },
        "source-map": {
          "version": "0.7.3",
          "resolved": "http://npm.ztosys.com/source-map/-/source-map-0.7.3.tgz",
          "integrity": "sha512-CkCj6giN3S+n9qrYiBTX5gystlENnRW5jZeNLHpe6aue+SrHcG5VYwujhW9s4dY31mEGsxBDrHR6oI69fTXsaQ==",
          "dev": true
        }
      }
    },
    "terser-webpack-plugin": {
      "version": "5.3.0",
      "resolved": "http://npm.ztosys.com/terser-webpack-plugin/-/terser-webpack-plugin-5.3.0.tgz",
      "integrity": "sha512-LPIisi3Ol4chwAaPP8toUJ3L4qCM1G0wao7L3qNv57Drezxj6+VEyySpPw4B1HSO2Eg/hDY/MNF5XihCAoqnsQ==",
      "dev": true,
      "requires": {
        "jest-worker": "^27.4.1",
        "schema-utils": "^3.1.1",
        "serialize-javascript": "^6.0.0",
        "source-map": "^0.6.1",
        "terser": "^5.7.2"
      }
    },
    "tslib": {
      "version": "2.3.1",
      "resolved": "http://npm.ztosys.com/tslib/-/tslib-2.3.1.tgz",
      "integrity": "sha1-6KM1rdXOrlGqJh0ypJAVjvBC7wE=",
      "dev": true
    },
    "uri-js": {
      "version": "4.4.1",
      "resolved": "http://npm.ztosys.com/uri-js/-/uri-js-4.4.1.tgz",
      "integrity": "sha1-mxpSWVIlhZ5V9mnZKPiMbFfyp34=",
      "dev": true,
      "requires": {
        "punycode": "^2.1.0"
      }
    },
    "utila": {
      "version": "0.4.0",
      "resolved": "http://npm.ztosys.com/utila/-/utila-0.4.0.tgz",
      "integrity": "sha1-ihagXURWV6Oupe7MWxKk+lN5dyw=",
      "dev": true
    },
    "watchpack": {
      "version": "2.3.1",
      "resolved": "http://npm.ztosys.com/watchpack/-/watchpack-2.3.1.tgz",
      "integrity": "sha512-x0t0JuydIo8qCNctdDrn1OzH/qDzk2+rdCOC3YzumZ42fiMqmQ7T3xQurykYMhYfHaPHTp4ZxAx2NfUo1K6QaA==",
      "dev": true,
      "requires": {
        "glob-to-regexp": "^0.4.1",
        "graceful-fs": "^4.1.2"
      }
    },
    "webpack": {
      "version": "5.65.0",
      "resolved": "http://npm.ztosys.com/webpack/-/webpack-5.65.0.tgz",
      "integrity": "sha512-Q5or2o6EKs7+oKmJo7LaqZaMOlDWQse9Tm5l1WAfU/ujLGN5Pb0SqGeVkN/4bpPmEqEP5RnVhiqsOtWtUVwGRw==",
      "dev": true,
      "requires": {
        "@types/eslint-scope": "^3.7.0",
        "@types/estree": "^0.0.50",
        "@webassemblyjs/ast": "1.11.1",
        "@webassemblyjs/wasm-edit": "1.11.1",
        "@webassemblyjs/wasm-parser": "1.11.1",
        "acorn": "^8.4.1",
        "acorn-import-assertions": "^1.7.6",
        "browserslist": "^4.14.5",
        "chrome-trace-event": "^1.0.2",
        "enhanced-resolve": "^5.8.3",
        "es-module-lexer": "^0.9.0",
        "eslint-scope": "5.1.1",
        "events": "^3.2.0",
        "glob-to-regexp": "^0.4.1",
        "graceful-fs": "^4.2.4",
        "json-parse-better-errors": "^1.0.2",
        "loader-runner": "^4.2.0",
        "mime-types": "^2.1.27",
        "neo-async": "^2.6.2",
        "schema-utils": "^3.1.0",
        "tapable": "^2.1.1",
        "terser-webpack-plugin": "^5.1.3",
        "watchpack": "^2.3.1",
        "webpack-sources": "^3.2.2"
      }
    },
    "webpack-cli": {
      "version": "4.9.1",
      "resolved": "http://npm.ztosys.com/webpack-cli/-/webpack-cli-4.9.1.tgz",
      "integrity": "sha1-tkvoJeLRsTDyhcMUyqOxuppGMrM=",
      "dev": true,
      "requires": {
        "@discoveryjs/json-ext": "^0.5.0",
        "@webpack-cli/configtest": "^1.1.0",
        "@webpack-cli/info": "^1.4.0",
        "@webpack-cli/serve": "^1.6.0",
        "colorette": "^2.0.14",
        "commander": "^7.0.0",
        "execa": "^5.0.0",
        "fastest-levenshtein": "^1.0.12",
        "import-local": "^3.0.2",
        "interpret": "^2.2.0",
        "rechoir": "^0.7.0",
        "webpack-merge": "^5.7.3"
      },
      "dependencies": {
        "commander": {
          "version": "7.2.0",
          "resolved": "http://npm.ztosys.com/commander/-/commander-7.2.0.tgz",
          "integrity": "sha1-o2y1fQtQHOEI5NIFWaFQo5HZerc=",
          "dev": true
        }
      }
    },
    "webpack-merge": {
      "version": "5.8.0",
      "resolved": "http://npm.ztosys.com/webpack-merge/-/webpack-merge-5.8.0.tgz",
      "integrity": "sha1-Kznb8ir4d3atdEw5AiNzHTCmj2E=",
      "dev": true,
      "requires": {
        "clone-deep": "^4.0.1",
        "wildcard": "^2.0.0"
      }
    },
    "webpack-sources": {
      "version": "3.2.2",
      "resolved": "http://npm.ztosys.com/webpack-sources/-/webpack-sources-3.2.2.tgz",
      "integrity": "sha1-2I43QYM+/sV8THibYBDbmXdUUmA=",
      "dev": true
    },
    "which": {
      "version": "2.0.2",
      "resolved": "http://npm.ztosys.com/which/-/which-2.0.2.tgz",
      "integrity": "sha1-fGqN0KY2oDJ+ELWckobu6T8/UbE=",
      "dev": true,
      "requires": {
        "isexe": "^2.0.0"
      }
    },
    "wildcard": {
      "version": "2.0.0",
      "resolved": "http://npm.ztosys.com/wildcard/-/wildcard-2.0.0.tgz",
      "integrity": "sha1-p30g5SAMb6qsl55LOq3Hs91/j+w=",
      "dev": true
    }
  }
}
